
Microsoft Visual Studio Solution File, Format Version 12.00
# Visual Studio Version 16
VisualStudioVersion = 16.0.29728.190
MinimumVisualStudioVersion = 10.0.40219.1
Project("{FAE04EC0-301F-11D3-BF4B-00C04F79EFBC}") = "DAY11", "DAY11\DAY11.csproj", "{6E7F399B-DAEA-4110-822A-DC3F55F69F8C}"
EndProject
Global
	GlobalSection(SolutionConfigurationPlatforms) = preSolution
		Debug|Any CPU = Debug|Any CPU
		Release|Any CPU = Release|Any CPU
	EndGlobalSection
	GlobalSection(ProjectConfigurationPlatforms) = postSolution
		{6E7F399B-DAEA-4110-822A-DC3F55F69F8C}.Debug|Any CPU.ActiveCfg = Debug|Any CPU
		{6E7F399B-DAEA-4110-822A-DC3F55F69F8C}.Debug|Any CPU.Build.0 = Debug|Any CPU
		{6E7F399B-DAEA-4110-822A-DC3F55F69F8C}.Release|Any CPU.ActiveCfg = Release|Any CPU
		{6E7F399B-DAEA-4110-822A-DC3F55F69F8C}.Release|Any CPU.Build.0 = Release|Any CPU
	EndGlobalSection
	GlobalSection(SolutionProperties) = preSolution
		HideSolutionNode = FALSE
	EndGlobalSection
	GlobalSection(ExtensibilityGlobals) = postSolution
		SolutionGuid = {54B6EC39-5A5A-4032-9964-FA333F5403EA}
	EndGlobalSection
EndGlobal
